
Microsoft Visual Studio Solution File, Format Version 12.00
# Visual Studio Version 17
VisualStudioVersion = 17.8.34322.80
MinimumVisualStudioVersion = 10.0.40219.1
Project("{888888A0-9F3D-457C-B088-3A5042F75D52}") = "NLP-with-ML", "NLP-with-ML\NLP-with-ML.pyproj", "{10199753-0BC4-4F8C-BD5B-64A6FD0C232E}"
EndProject
Global
	GlobalSection(SolutionConfigurationPlatforms) = preSolution
		Debug|Any CPU = Debug|Any CPU
		Release|Any CPU = Release|Any CPU
	EndGlobalSection
	GlobalSection(ProjectConfigurationPlatforms) = postSolution
		{10199753-0BC4-4F8C-BD5B-64A6FD0C232E}.Debug|Any CPU.ActiveCfg = Debug|Any CPU
		{10199753-0BC4-4F8C-BD5B-64A6FD0C232E}.Release|Any CPU.ActiveCfg = Release|Any CPU
	EndGlobalSection
	GlobalSection(SolutionProperties) = preSolution
		HideSolutionNode = FALSE
	EndGlobalSection
	GlobalSection(ExtensibilityGlobals) = postSolution
		SolutionGuid = {4F1DEEF4-66EB-421A-9FA8-22E1CA58E3B7}
	EndGlobalSection
EndGlobal
